{
  "name": "calzolaio",
  "lockfileVersion": 3,
  "requires": true,
  "packages": {
    "": {
      "dependencies": {
        "@datatables.net/editor-2024-08-24-dt": "^2.3.2"
      }
    },
    "node_modules/@datatables.net/editor-2024-08-24": {
      "version": "2.3.2",
      "resolved": "https://npm.datatables.net/@datatables.net/editor-2024-08-24/-/editor-2024-08-24-2.3.2.tgz",
      "integrity": "sha512-1VkvCUtaxzOFFUcVq4TxvC2wbGJA9yzSPEstLeTXKX/OO2mAg97oAtRB5YAuhYNifEkoHaJNLKOAd2OC+sqcVw==",
      "license": "SEE LICENSE IN License.md",
      "dependencies": {
        "datatables.net": "1.13 - 2",
        "jquery": "1.8 - 4"
      }
    },
    "node_modules/@datatables.net/editor-2024-08-24-dt": {
      "version": "2.3.2",
      "resolved": "https://npm.datatables.net/@datatables.net/editor-2024-08-24-dt/-/editor-2024-08-24-dt-2.3.2.tgz",
      "integrity": "sha512-042LX7xiOlxZr/47h1i2gzJJ8xd9lr3j7NL95vYjEgBBkZLK0CxI8q7nhzd+GAkm5MQgkh8G9k3JJZSuxWmqiw==",
      "license": "SEE LICENSE IN License.md",
      "dependencies": {
        "@datatables.net/editor-2024-08-24": "2.3.2",
        "datatables.net-dt": "1.13 - 2",
        "jquery": "1.8 - 4"
      }
    },
    "node_modules/datatables.net": {
      "version": "2.1.3",
      "resolved": "https://registry.npmjs.org/datatables.net/-/datatables.net-2.1.3.tgz",
      "integrity": "sha512-emlF55eF4fhzOUuE+0dEFZCDbuhXqjvdZagW0bLXaU4nDesCWrjYXj0NdtHTKLhVYyfZhTlA8mEDL2Wa64U0ig==",
      "license": "MIT",
      "dependencies": {
        "jquery": ">=1.7"
      }
    },
    "node_modules/datatables.net-dt": {
      "version": "2.1.3",
      "resolved": "https://registry.npmjs.org/datatables.net-dt/-/datatables.net-dt-2.1.3.tgz",
      "integrity": "sha512-8vQRZJ0p1jDrRgegR9JP9M89+akG42ByGUWk68kjZHSNIN8AvLcR9xck0w1xDHYsq/+Z17hjvoGxBpiCs5MW3w==",
      "license": "MIT",
      "dependencies": {
        "datatables.net": "2.1.3",
        "jquery": ">=1.7"
      }
    },
    "node_modules/jquery": {
      "version": "3.7.1",
      "resolved": "https://registry.npmjs.org/jquery/-/jquery-3.7.1.tgz",
      "integrity": "sha512-m4avr8yL8kmFN8psrbFFFmB/If14iN5o9nw/NgnnM+kybDJpRsAynV2BsfpTYrTRysYUdADVD7CkUUizgkpLfg==",
      "license": "MIT"
    }
  }
}
